# THIS IS AN AUTOGENERATED FILE. DO NOT EDIT THIS FILE DIRECTLY.
# yarn lockfile v1


lazyframe@^1.1.6:
  version "1.1.6"
  resolved "https://registry.yarnpkg.com/lazyframe/-/lazyframe-1.1.6.tgz#0cbe5b82b7bdfdfb5df71a1c41b6cb5558e98d6d"

pixel-glass@^1.0.13:
  version "1.0.13"
  resolved "https://registry.yarnpkg.com/pixel-glass/-/pixel-glass-1.0.13.tgz#c569764ecdd2a15da6dea98cf168ef0bf00736ab"
